
Microsoft Visual Studio Solution File, Format Version 12.00
# Visual Studio Version 16
VisualStudioVersion = 16.0.31005.135
MinimumVisualStudioVersion = 10.0.40219.1
Project("{FAE04EC0-301F-11D3-BF4B-00C04F79EFBC}") = "XML_Lab5", "XML_Lab5.csproj", "{F75B5F9F-3E63-4926-85A6-445C8AED4CE1}"
EndProject
Global
	GlobalSection(SolutionConfigurationPlatforms) = preSolution
		Debug|Any CPU = Debug|Any CPU
		Release|Any CPU = Release|Any CPU
	EndGlobalSection
	GlobalSection(ProjectConfigurationPlatforms) = postSolution
		{F75B5F9F-3E63-4926-85A6-445C8AED4CE1}.Debug|Any CPU.ActiveCfg = Debug|Any CPU
		{F75B5F9F-3E63-4926-85A6-445C8AED4CE1}.Debug|Any CPU.Build.0 = Debug|Any CPU
		{F75B5F9F-3E63-4926-85A6-445C8AED4CE1}.Release|Any CPU.ActiveCfg = Release|Any CPU
		{F75B5F9F-3E63-4926-85A6-445C8AED4CE1}.Release|Any CPU.Build.0 = Release|Any CPU
	EndGlobalSection
	GlobalSection(SolutionProperties) = preSolution
		HideSolutionNode = FALSE
	EndGlobalSection
	GlobalSection(ExtensibilityGlobals) = postSolution
		SolutionGuid = {0408097C-EB3C-4E3D-A721-46CB9A021B05}
	EndGlobalSection
EndGlobal
